
Microsoft Visual Studio Solution File, Format Version 12.00
# Visual Studio 2012
Project("{FAE04EC0-301F-11D3-BF4B-00C04F79EFBC}") = "HelloWorldConsoleAPP", "HelloWorldConsoleAPP\HelloWorldConsoleAPP.csproj", "{7E6B34D3-1DEA-48DC-80AE-4827AFCEA536}"
EndProject
Project("{FAE04EC0-301F-11D3-BF4B-00C04F79EFBC}") = "MvcApplication1", "MvcApplication1\MvcApplication1.csproj", "{B08BA5FF-1F95-4AA3-8154-470205650691}"
EndProject
Project("{FAE04EC0-301F-11D3-BF4B-00C04F79EFBC}") = "MvcApplication1.Tests", "MvcApplication1.Tests\MvcApplication1.Tests.csproj", "{EEAA4FD9-E034-44CB-B347-80AF94565A8F}"
EndProject
Global
	GlobalSection(SolutionConfigurationPlatforms) = preSolution
		Debug|Any CPU = Debug|Any CPU
		Release|Any CPU = Release|Any CPU
	EndGlobalSection
	GlobalSection(ProjectConfigurationPlatforms) = postSolution
		{7E6B34D3-1DEA-48DC-80AE-4827AFCEA536}.Debug|Any CPU.ActiveCfg = Debug|Any CPU
		{7E6B34D3-1DEA-48DC-80AE-4827AFCEA536}.Debug|Any CPU.Build.0 = Debug|Any CPU
		{7E6B34D3-1DEA-48DC-80AE-4827AFCEA536}.Release|Any CPU.ActiveCfg = Release|Any CPU
		{7E6B34D3-1DEA-48DC-80AE-4827AFCEA536}.Release|Any CPU.Build.0 = Release|Any CPU
		{B08BA5FF-1F95-4AA3-8154-470205650691}.Debug|Any CPU.ActiveCfg = Debug|Any CPU
		{B08BA5FF-1F95-4AA3-8154-470205650691}.Debug|Any CPU.Build.0 = Debug|Any CPU
		{B08BA5FF-1F95-4AA3-8154-470205650691}.Release|Any CPU.ActiveCfg = Release|Any CPU
		{B08BA5FF-1F95-4AA3-8154-470205650691}.Release|Any CPU.Build.0 = Release|Any CPU
		{EEAA4FD9-E034-44CB-B347-80AF94565A8F}.Debug|Any CPU.ActiveCfg = Debug|Any CPU
		{EEAA4FD9-E034-44CB-B347-80AF94565A8F}.Debug|Any CPU.Build.0 = Debug|Any CPU
		{EEAA4FD9-E034-44CB-B347-80AF94565A8F}.Release|Any CPU.ActiveCfg = Release|Any CPU
		{EEAA4FD9-E034-44CB-B347-80AF94565A8F}.Release|Any CPU.Build.0 = Release|Any CPU
	EndGlobalSection
	GlobalSection(SolutionProperties) = preSolution
		HideSolutionNode = FALSE
	EndGlobalSection
EndGlobal
